
Microsoft Visual Studio Solution File, Format Version 12.00
# Visual Studio 15
VisualStudioVersion = 15.0.27428.2005
MinimumVisualStudioVersion = 10.0.40219.1
Project("{FAE04EC0-301F-11D3-BF4B-00C04F79EFBC}") = "OrganizedEndeavors.Web", "OrganizedEndeavors\OrganizedEndeavors.Web.csproj", "{B1ADC10F-4E15-4449-A9C4-01C8993AFADE}"
EndProject
Project("{FAE04EC0-301F-11D3-BF4B-00C04F79EFBC}") = "OrganizedEndeavors.Data", "OrganizedEndeavors.Data\OrganizedEndeavors.Data.csproj", "{F5D12E7C-B0AC-4B7E-AFDD-7452CE32171D}"
EndProject
Global
	GlobalSection(SolutionConfigurationPlatforms) = preSolution
		Debug|Any CPU = Debug|Any CPU
		Release|Any CPU = Release|Any CPU
	EndGlobalSection
	GlobalSection(ProjectConfigurationPlatforms) = postSolution
		{B1ADC10F-4E15-4449-A9C4-01C8993AFADE}.Debug|Any CPU.ActiveCfg = Debug|Any CPU
		{B1ADC10F-4E15-4449-A9C4-01C8993AFADE}.Debug|Any CPU.Build.0 = Debug|Any CPU
		{B1ADC10F-4E15-4449-A9C4-01C8993AFADE}.Release|Any CPU.ActiveCfg = Release|Any CPU
		{B1ADC10F-4E15-4449-A9C4-01C8993AFADE}.Release|Any CPU.Build.0 = Release|Any CPU
		{F5D12E7C-B0AC-4B7E-AFDD-7452CE32171D}.Debug|Any CPU.ActiveCfg = Debug|Any CPU
		{F5D12E7C-B0AC-4B7E-AFDD-7452CE32171D}.Debug|Any CPU.Build.0 = Debug|Any CPU
		{F5D12E7C-B0AC-4B7E-AFDD-7452CE32171D}.Release|Any CPU.ActiveCfg = Release|Any CPU
		{F5D12E7C-B0AC-4B7E-AFDD-7452CE32171D}.Release|Any CPU.Build.0 = Release|Any CPU
	EndGlobalSection
	GlobalSection(SolutionProperties) = preSolution
		HideSolutionNode = FALSE
	EndGlobalSection
	GlobalSection(ExtensibilityGlobals) = postSolution
		SolutionGuid = {A29C3D99-D168-41D4-BF02-480715514232}
	EndGlobalSection
EndGlobal
